
Microsoft Visual Studio Solution File, Format Version 12.00
# Visual Studio 2013
VisualStudioVersion = 12.0.21005.1
MinimumVisualStudioVersion = 10.0.40219.1
Project("{FAE04EC0-301F-11D3-BF4B-00C04F79EFBC}") = "SimplHelpers", "SimplHelpers\SimplHelpers.csproj", "{B919D34C-47B8-4CD2-8284-225F4B74250D}"
EndProject
Project("{FAE04EC0-301F-11D3-BF4B-00C04F79EFBC}") = "SimplHelpers.Test", "SimplHelpers.Test\SimplHelpers.Test.csproj", "{86B51EB0-C03A-4F81-B638-4E2EFA9CEEF4}"
EndProject
Global
	GlobalSection(SolutionConfigurationPlatforms) = preSolution
		Debug|Any CPU = Debug|Any CPU
		Release|Any CPU = Release|Any CPU
	EndGlobalSection
	GlobalSection(ProjectConfigurationPlatforms) = postSolution
		{B919D34C-47B8-4CD2-8284-225F4B74250D}.Debug|Any CPU.ActiveCfg = Debug|Any CPU
		{B919D34C-47B8-4CD2-8284-225F4B74250D}.Debug|Any CPU.Build.0 = Debug|Any CPU
		{B919D34C-47B8-4CD2-8284-225F4B74250D}.Release|Any CPU.ActiveCfg = Release|Any CPU
		{B919D34C-47B8-4CD2-8284-225F4B74250D}.Release|Any CPU.Build.0 = Release|Any CPU
		{86B51EB0-C03A-4F81-B638-4E2EFA9CEEF4}.Debug|Any CPU.ActiveCfg = Debug|Any CPU
		{86B51EB0-C03A-4F81-B638-4E2EFA9CEEF4}.Debug|Any CPU.Build.0 = Debug|Any CPU
		{86B51EB0-C03A-4F81-B638-4E2EFA9CEEF4}.Release|Any CPU.ActiveCfg = Release|Any CPU
		{86B51EB0-C03A-4F81-B638-4E2EFA9CEEF4}.Release|Any CPU.Build.0 = Release|Any CPU
	EndGlobalSection
	GlobalSection(SolutionProperties) = preSolution
		HideSolutionNode = FALSE
	EndGlobalSection
EndGlobal
